
Microsoft Visual Studio Solution File, Format Version 12.00
# Visual Studio Version 17
VisualStudioVersion = 17.11.35327.3
MinimumVisualStudioVersion = 10.0.40219.1
Project("{FAE04EC0-301F-11D3-BF4B-00C04F79EFBC}") = "Client", "..\..\..\..\Downloads\login 1\login\Client.csproj", "{EECAF31D-8598-4B47-9543-11CC9EFF438E}"
EndProject
Global
	GlobalSection(SolutionConfigurationPlatforms) = preSolution
		Debug|Any CPU = Debug|Any CPU
		Release|Any CPU = Release|Any CPU
	EndGlobalSection
	GlobalSection(ProjectConfigurationPlatforms) = postSolution
		{EECAF31D-8598-4B47-9543-11CC9EFF438E}.Debug|Any CPU.ActiveCfg = Debug|Any CPU
		{EECAF31D-8598-4B47-9543-11CC9EFF438E}.Debug|Any CPU.Build.0 = Debug|Any CPU
		{EECAF31D-8598-4B47-9543-11CC9EFF438E}.Release|Any CPU.ActiveCfg = Release|Any CPU
		{EECAF31D-8598-4B47-9543-11CC9EFF438E}.Release|Any CPU.Build.0 = Release|Any CPU
	EndGlobalSection
	GlobalSection(SolutionProperties) = preSolution
		HideSolutionNode = FALSE
	EndGlobalSection
	GlobalSection(ExtensibilityGlobals) = postSolution
		SolutionGuid = {4F7B41C9-263A-4862-8749-E7D769F5C0EF}
	EndGlobalSection
EndGlobal
